
Microsoft Visual Studio Solution File, Format Version 12.00
# Visual Studio Version 16
VisualStudioVersion = 16.0.32802.440
MinimumVisualStudioVersion = 10.0.40219.1
Project("{FAE04EC0-301F-11D3-BF4B-00C04F79EFBC}") = "Himekuri", "Himekuri\Himekuri.csproj", "{A3733142-6507-4AAA-B32A-9F3B4B204F36}"
EndProject
Global
	GlobalSection(SolutionConfigurationPlatforms) = preSolution
		Debug|Any CPU = Debug|Any CPU
		Release|Any CPU = Release|Any CPU
	EndGlobalSection
	GlobalSection(ProjectConfigurationPlatforms) = postSolution
		{A3733142-6507-4AAA-B32A-9F3B4B204F36}.Debug|Any CPU.ActiveCfg = Debug|Any CPU
		{A3733142-6507-4AAA-B32A-9F3B4B204F36}.Debug|Any CPU.Build.0 = Debug|Any CPU
		{A3733142-6507-4AAA-B32A-9F3B4B204F36}.Release|Any CPU.ActiveCfg = Release|Any CPU
		{A3733142-6507-4AAA-B32A-9F3B4B204F36}.Release|Any CPU.Build.0 = Release|Any CPU
	EndGlobalSection
	GlobalSection(SolutionProperties) = preSolution
		HideSolutionNode = FALSE
	EndGlobalSection
	GlobalSection(ExtensibilityGlobals) = postSolution
		SolutionGuid = {37904700-BB5A-4898-B0A1-0CD811C97CA4}
	EndGlobalSection
EndGlobal
